// !$*UTF8*$!
{
	archiveVersion = 1;
	classes = {
	};
	objectVersion = 50;
	objects = {

/* Begin PBXBuildFile section */
		848E19E02374187600064BAE /* AppDelegate.m in Sources */ = {isa = PBXBuildFile; fileRef = 848E19DF2374187600064BAE /* AppDelegate.m */; };
		848E19E32374187600064BAE /* ViewController.m in Sources */ = {isa = PBXBuildFile; fileRef = 848E19E22374187600064BAE /* ViewController.m */; };
		848E19E62374187600064BAE /* Main.storyboard in Resources */ = {isa = PBXBuildFile; fileRef = 848E19E42374187600064BAE /* Main.storyboard */; };
		848E19E82374187800064BAE /* Assets.xcassets in Resources */ = {isa = PBXBuildFile; fileRef = 848E19E72374187800064BAE /* Assets.xcassets */; };
		848E19EB2374187800064BAE /* LaunchScreen.storyboard in Resources */ = {isa = PBXBuildFile; fileRef = 848E19E92374187800064BAE /* LaunchScreen.storyboard */; };
		848E19EE2374187800064BAE /* main.m in Sources */ = {isa = PBXBuildFile; fileRef = 848E19ED2374187800064BAE /* main.m */; };
		848E19F7237418A200064BAE /* NSTimer+XW.m in Sources */ = {isa = PBXBuildFile; fileRef = 848E19F6237418A200064BAE /* NSTimer+XW.m */; };
/* End PBXBuildFile section */

/* Begin PBXFileReference section */
		848E19DB2374187600064BAE /* xw_Timer.app */ = {isa = PBXFileReference; explicitFileType = wrapper.application; includeInIndex = 0; path = xw_Timer.app; sourceTree = BUILT_PRODUCTS_DIR; };
		848E19DE2374187600064BAE /* AppDelegate.h */ = {isa = PBXFileReference; lastKnownFileType = sourcecode.c.h; path = AppDelegate.h; sourceTree = "<group>"; };
		848E19DF2374187600064BAE /* AppDelegate.m */ = {isa = PBXFileReference; lastKnownFileType = sourcecode.c.objc; path = AppDelegate.m; sourceTree = "<group>"; };
		848E19E12374187600064BAE /* ViewController.h */ = {isa = PBXFileReference; lastKnownFileType = sourcecode.c.h; path = ViewController.h; sourceTree = "<group>"; };
		848E19E22374187600064BAE /* ViewController.m */ = {isa = PBXFileReference; lastKnownFileType = sourcecode.c.objc; path = ViewController.m; sourceTree = "<group>"; };
		848E19E52374187600064BAE /* Base */ = {isa = PBXFileReference; lastKnownFileType = file.storyboard; name = Base; path = Base.lproj/Main.storyboard; sourceTree = "<group>"; };
		848E19E72374187800064BAE /* Assets.xcassets */ = {isa = PBXFileReference; lastKnownFileType = folder.assetcatalog; path = Assets.xcassets; sourceTree = "<group>"; };
		848E19EA2374187800064BAE /* Base */ = {isa = PBXFileReference; lastKnownFileType = file.storyboard; name = Base; path = Base.lproj/LaunchScreen.storyboard; sourceTree = "<group>"; };
		848E19EC2374187800064BAE /* Info.plist */ = {isa = PBXFileReference; lastKnownFileType = text.plist.xml; path = Info.plist; sourceTree = "<group>"; };
		848E19ED2374187800064BAE /* main.m */ = {isa = PBXFileReference; lastKnownFileType = sourcecode.c.objc; path = main.m; sourceTree = "<group>"; };
		848E19F5237418A200064BAE /* NSTimer+XW.h */ = {isa = PBXFileReference; fileEncoding = 4; lastKnownFileType = sourcecode.c.h; path = "NSTimer+XW.h"; sourceTree = "<group>"; };
		848E19F6237418A200064BAE /* NSTimer+XW.m */ = {isa = PBXFileReference; fileEncoding = 4; lastKnownFileType = sourcecode.c.objc; path = "NSTimer+XW.m"; sourceTree = "<group>"; };
/* End PBXFileReference section */

/* Begin PBXFrameworksBuildPhase section */
		848E19D82374187600064BAE /* Frameworks */ = {
			isa = PBXFrameworksBuildPhase;
			buildActionMask = 2147483647;
			files = (
			);
			runOnlyForDeploymentPostprocessing = 0;
		};
/* End PBXFrameworksBuildPhase section */

/* Begin PBXGroup section */
		848E19D22374187600064BAE = {
			isa = PBXGroup;
			children = (
				848E19DD2374187600064BAE /* xw_Timer */,
				848E19DC2374187600064BAE /* Products */,
			);
			sourceTree = "<group>";
		};
		848E19DC2374187600064BAE /* Products */ = {
			isa = PBXGroup;
			children = (
				848E19DB2374187600064BAE /* xw_Timer.app */,
			);
			name = Products;
			sourceTree = "<group>";
		};
		848E19DD2374187600064BAE /* xw_Timer */ = {
			isa = PBXGroup;
			children = (
				848E19F42374188100064BAE /* xw_Timer */,
				848E19DE2374187600064BAE /* AppDelegate.h */,
				848E19DF2374187600064BAE /* AppDelegate.m */,
				848E19E12374187600064BAE /* ViewController.h */,
				848E19E22374187600064BAE /* ViewController.m */,
				848E19E42374187600064BAE /* Main.storyboard */,
				848E19E72374187800064BAE /* Assets.xcassets */,
				848E19E92374187800064BAE /* LaunchScreen.storyboard */,
				848E19EC2374187800064BAE /* Info.plist */,
				848E19ED2374187800064BAE /* main.m */,
			);
			path = xw_Timer;
			sourceTree = "<group>";
		};
		848E19F42374188100064BAE /* xw_Timer */ = {
			isa = PBXGroup;
			children = (
				848E19F5237418A200064BAE /* NSTimer+XW.h */,
				848E19F6237418A200064BAE /* NSTimer+XW.m */,
			);
			path = xw_Timer;
			sourceTree = "<group>";
		};
/* End PBXGroup section */

/* Begin PBXNativeTarget section */
		848E19DA2374187600064BAE /* xw_Timer */ = {
			isa = PBXNativeTarget;
			buildConfigurationList = 848E19F12374187800064BAE /* Build configuration list for PBXNativeTarget "xw_Timer" */;
			buildPhases = (
				848E19D72374187600064BAE /* Sources */,
				848E19D82374187600064BAE /* Frameworks */,
				848E19D92374187600064BAE /* Resources */,
			);
			buildRules = (
			);
			dependencies = (
			);
			name = xw_Timer;
			productName = xw_Timer;
			productReference = 848E19DB2374187600064BAE /* xw_Timer.app */;
			productType = "com.apple.product-type.application";
		};
/* End PBXNativeTarget section */

/* Begin PBXProject section */
		848E19D32374187600064BAE /* Project object */ = {
			isa = PBXProject;
			attributes = {
				LastUpgradeCheck = 1030;
				ORGANIZATIONNAME = xiaowei;
				TargetAttributes = {
					848E19DA2374187600064BAE = {
						CreatedOnToolsVersion = 10.3;
					};
				};
			};
			buildConfigurationList = 848E19D62374187600064BAE /* Build configuration list for PBXProject "xw_Timer" */;
			compatibilityVersion = "Xcode 9.3";
			developmentRegion = en;
			hasScannedForEncodings = 0;
			knownRegions = (
				en,
				Base,
			);
			mainGroup = 848E19D22374187600064BAE;
			productRefGroup = 848E19DC2374187600064BAE /* Products */;
			projectDirPath = "";
			projectRoot = "";
			targets = (
				848E19DA2374187600064BAE /* xw_Timer */,
			);
		};
/* End PBXProject section */

/* Begin PBXResourcesBuildPhase section */
		848E19D92374187600064BAE /* Resources */ = {
			isa = PBXResourcesBuildPhase;
			buildActionMask = 2147483647;
			files = (
				848E19EB2374187800064BAE /* LaunchScreen.storyboard in Resources */,
				848E19E82374187800064BAE /* Assets.xcassets in Resources */,
				848E19E62374187600064BAE /* Main.storyboard in Resources */,
			);
			runOnlyForDeploymentPostprocessing = 0;
		};
/* End PBXResourcesBuildPhase section */

/* Begin PBXSourcesBuildPhase section */
		848E19D72374187600064BAE /* Sources */ = {
			isa = PBXSourcesBuildPhase;
			buildActionMask = 2147483647;
			files = (
				848E19E32374187600064BAE /* ViewController.m in Sources */,
				848E19EE2374187800064BAE /* main.m in Sources */,
				848E19E02374187600064BAE /* AppDelegate.m in Sources */,
				848E19F7237418A200064BAE /* NSTimer+XW.m in Sources */,
			);
			runOnlyForDeploymentPostprocessing = 0;
		};
/* End PBXSourcesBuildPhase section */

/* Begin PBXVariantGroup section */
		848E19E42374187600064BAE /* Main.storyboard */ = {
			isa = PBXVariantGroup;
			children = (
				848E19E52374187600064BAE /* Base */,
			);
			name = Main.storyboard;
			sourceTree = "<group>";
		};
		848E19E92374187800064BAE /* LaunchScreen.storyboard */ = {
			isa = PBXVariantGroup;
			children = (
				848E19EA2374187800064BAE /* Base */,
			);
			name = LaunchScreen.storyboard;
			sourceTree = "<group>";
		};
/* End PBXVariantGroup section */

/* Begin XCBuildConfiguration section */
		848E19EF2374187800064BAE /* Debug */ = {
			isa = XCBuildConfiguration;
			buildSettings = {
				ALWAYS_SEARCH_USER_PATHS = NO;
				CLANG_ANALYZER_NONNULL = YES;
				CLANG_ANALYZER_NUMBER_OBJECT_CONVERSION = YES_AGGRESSIVE;
				CLANG_CXX_LANGUAGE_STANDARD = "gnu++14";
				CLANG_CXX_LIBRARY = "libc++";
				CLANG_ENABLE_MODULES = YES;
				CLANG_ENABLE_OBJC_ARC = YES;
				CLANG_ENABLE_OBJC_WEAK = YES;
				CLANG_WARN_BLOCK_CAPTURE_AUTORELEASING = YES;
				CLANG_WARN_BOOL_CONVERSION = YES;
				CLANG_WARN_COMMA = YES;
				CLANG_WARN_CONSTANT_CONVERSION = YES;
				CLANG_WARN_DEPRECATED_OBJC_IMPLEMENTATIONS = YES;
				CLANG_WARN_DIRECT_OBJC_ISA_USAGE = YES_ERROR;
				CLANG_WARN_DOCUMENTATION_COMMENTS = YES;
				CLANG_WARN_EMPTY_BODY = YES;
				CLANG_WARN_ENUM_CONVERSION = YES;
				CLANG_WARN_INFINITE_RECURSION = YES;
				CLANG_WARN_INT_CONVERSION = YES;
				CLANG_WARN_NON_LITERAL_NULL_CONVERSION = YES;
				CLANG_WARN_OBJC_IMPLICIT_RETAIN_SELF = YES;
				CLANG_WARN_OBJC_LITERAL_CONVERSION = YES;
				CLANG_WARN_OBJC_ROOT_CLASS = YES_ERROR;
				CLANG_WARN_RANGE_LOOP_ANALYSIS = YES;
				CLANG_WARN_STRICT_PROTOTYPES = YES;
				CLANG_WARN_SUSPICIOUS_MOVE = YES;
				CLANG_WARN_UNGUARDED_AVAILABILITY = YES_AGGRESSIVE;
				CLANG_WARN_UNREACHABLE_CODE = YES;
				CLANG_WARN__DUPLICATE_METHOD_MATCH = YES;
				CODE_SIGN_IDENTITY = "iPhone Developer";
				COPY_PHASE_STRIP = NO;
				DEBUG_INFORMATION_FORMAT = dwarf;
				ENABLE_STRICT_OBJC_MSGSEND = YES;
				ENABLE_TESTABILITY = YES;
				GCC_C_LANGUAGE_STANDARD = gnu11;
				GCC_DYNAMIC_NO_PIC = NO;
				GCC_NO_COMMON_BLOCKS = YES;
				GCC_OPTIMIZATION_LEVEL = 0;
				GCC_PREPROCESSOR_DEFINITIONS = (
					"DEBUG=1",
					"$(inherited)",
				);
				GCC_WARN_64_TO_32_BIT_CONVERSION = YES;
				GCC_WARN_ABOUT_RETURN_TYPE = YES_ERROR;
				GCC_WARN_UNDECLARED_SELECTOR = YES;
				GCC_WARN_UNINITIALIZED_AUTOS = YES_AGGRESSIVE;
				GCC_WARN_UNUSED_FUNCTION = YES;
				GCC_WARN_UNUSED_VARIABLE = YES;
				IPHONEOS_DEPLOYMENT_TARGET = 12.4;
				MTL_ENABLE_DEBUG_INFO = INCLUDE_SOURCE;
				MTL_FAST_MATH = YES;
				ONLY_ACTIVE_ARCH = YES;
				SDKROOT = iphoneos;
			};
			name = Debug;
		};
		848E19F02374187800064BAE /* Release */ = {
			isa = XCBuildConfiguration;
			buildSettings = {
				ALWAYS_SEARCH_USER_PATHS = NO;
				CLANG_ANALYZER_NONNULL = YES;
				CLANG_ANALYZER_NUMBER_OBJECT_CONVERSION = YES_AGGRESSIVE;
				CLANG_CXX_LANGUAGE_STANDARD = "gnu++14";
				CLANG_CXX_LIBRARY = "libc++";
				CLANG_ENABLE_MODULES = YES;
				CLANG_ENABLE_OBJC_ARC = YES;
				CLANG_ENABLE_OBJC_WEAK = YES;
				CLANG_WARN_BLOCK_CAPTURE_AUTORELEASING = YES;
				CLANG_WARN_BOOL_CONVERSION = YES;
				CLANG_WARN_COMMA = YES;
				CLANG_WARN_CONSTANT_CONVERSION = YES;
				CLANG_WARN_DEPRECATED_OBJC_IMPLEMENTATIONS = YES;
				CLANG_WARN_DIRECT_OBJC_ISA_USAGE = YES_ERROR;
				CLANG_WARN_DOCUMENTATION_COMMENTS = YES;
				CLANG_WARN_EMPTY_BODY = YES;
				CLANG_WARN_ENUM_CONVERSION = YES;
				CLANG_WARN_INFINITE_RECURSION = YES;
				CLANG_WARN_INT_CONVERSION = YES;
				CLANG_WARN_NON_LITERAL_NULL_CONVERSION = YES;
				CLANG_WARN_OBJC_IMPLICIT_RETAIN_SELF = YES;
				CLANG_WARN_OBJC_LITERAL_CONVERSION = YES;
				CLANG_WARN_OBJC_ROOT_CLASS = YES_ERROR;
				CLANG_WARN_RANGE_LOOP_ANALYSIS = YES;
				CLANG_WARN_STRICT_PROTOTYPES = YES;
				CLANG_WARN_SUSPICIOUS_MOVE = YES;
				CLANG_WARN_UNGUARDED_AVAILABILITY = YES_AGGRESSIVE;
				CLANG_WARN_UNREACHABLE_CODE = YES;
				CLANG_WARN__DUPLICATE_METHOD_MATCH = YES;
				CODE_SIGN_IDENTITY = "iPhone Developer";
				COPY_PHASE_STRIP = NO;
				DEBUG_INFORMATION_FORMAT = "dwarf-with-dsym";
				ENABLE_NS_ASSERTIONS = NO;
				ENABLE_STRICT_OBJC_MSGSEND = YES;
				GCC_C_LANGUAGE_STANDARD = gnu11;
				GCC_NO_COMMON_BLOCKS = YES;
				GCC_WARN_64_TO_32_BIT_CONVERSION = YES;
				GCC_WARN_ABOUT_RETURN_TYPE = YES_ERROR;
				GCC_WARN_UNDECLARED_SELECTOR = YES;
				GCC_WARN_UNINITIALIZED_AUTOS = YES_AGGRESSIVE;
				GCC_WARN_UNUSED_FUNCTION = YES;
				GCC_WARN_UNUSED_VARIABLE = YES;
				IPHONEOS_DEPLOYMENT_TARGET = 12.4;
				MTL_ENABLE_DEBUG_INFO = NO;
				MTL_FAST_MATH = YES;
				SDKROOT = iphoneos;
				VALIDATE_PRODUCT = YES;
			};
			name = Release;
		};
		848E19F22374187800064BAE /* Debug */ = {
			isa = XCBuildConfiguration;
			buildSettings = {
				ASSETCATALOG_COMPILER_APPICON_NAME = AppIcon;
				CODE_SIGN_STYLE = Automatic;
				DEVELOPMENT_TEAM = 5363SENN6N;
				INFOPLIST_FILE = xw_Timer/Info.plist;
				LD_RUNPATH_SEARCH_PATHS = (
					"$(inherited)",
					"@executable_path/Frameworks",
				);
				PRODUCT_BUNDLE_IDENTIFIER = "com.xiaowei.xw-Timer";
				PRODUCT_NAME = "$(TARGET_NAME)";
				TARGETED_DEVICE_FAMILY = "1,2";
			};
			name = Debug;
		};
		848E19F32374187800064BAE /* Release */ = {
			isa = XCBuildConfiguration;
			buildSettings = {
				ASSETCATALOG_COMPILER_APPICON_NAME = AppIcon;
				CODE_SIGN_STYLE = Automatic;
				DEVELOPMENT_TEAM = 5363SENN6N;
				INFOPLIST_FILE = xw_Timer/Info.plist;
				LD_RUNPATH_SEARCH_PATHS = (
					"$(inherited)",
					"@executable_path/Frameworks",
				);
				PRODUCT_BUNDLE_IDENTIFIER = "com.xiaowei.xw-Timer";
				PRODUCT_NAME = "$(TARGET_NAME)";
				TARGETED_DEVICE_FAMILY = "1,2";
			};
			name = Release;
		};
/* End XCBuildConfiguration section */

/* Begin XCConfigurationList section */
		848E19D62374187600064BAE /* Build configuration list for PBXProject "xw_Timer" */ = {
			isa = XCConfigurationList;
			buildConfigurations = (
				848E19EF2374187800064BAE /* Debug */,
				848E19F02374187800064BAE /* Release */,
			);
			defaultConfigurationIsVisible = 0;
			defaultConfigurationName = Release;
		};
		848E19F12374187800064BAE /* Build configuration list for PBXNativeTarget "xw_Timer" */ = {
			isa = XCConfigurationList;
			buildConfigurations = (
				848E19F22374187800064BAE /* Debug */,
				848E19F32374187800064BAE /* Release */,
			);
			defaultConfigurationIsVisible = 0;
			defaultConfigurationName = Release;
		};
/* End XCConfigurationList section */
	};
	rootObject = 848E19D32374187600064BAE /* Project object */;
}
